// !$*UTF8*$!
{
	archiveVersion = 1;
	classes = {
	};
	objectVersion = 48;
	objects = {

/* Begin PBXBuildFile section */
		0D90D236C065DB8EE1F29FAB /* Pods_smack.framework in Frameworks */ = {isa = PBXBuildFile; fileRef = 1E58E17671CD2C0A007110C4 /* Pods_smack.framework */; };
		141ABE281FD49CEC00197CEA /* AuthService.swift in Sources */ = {isa = PBXBuildFile; fileRef = 141ABE271FD49CEC00197CEA /* AuthService.swift */; };
		141ABE2A1FD4A9DE00197CEA /* RoundedButton.swift in Sources */ = {isa = PBXBuildFile; fileRef = 141ABE291FD4A9DE00197CEA /* RoundedButton.swift */; };
		146CB1AB1FBE95410040765D /* AppDelegate.swift in Sources */ = {isa = PBXBuildFile; fileRef = 146CB1AA1FBE95410040765D /* AppDelegate.swift */; };
		146CB1B01FBE95410040765D /* Main.storyboard in Resources */ = {isa = PBXBuildFile; fileRef = 146CB1AE1FBE95410040765D /* Main.storyboard */; };
		146CB1B21FBE95410040765D /* Assets.xcassets in Resources */ = {isa = PBXBuildFile; fileRef = 146CB1B11FBE95410040765D /* Assets.xcassets */; };
		146CB1B51FBE95410040765D /* LaunchScreen.storyboard in Resources */ = {isa = PBXBuildFile; fileRef = 146CB1B31FBE95410040765D /* LaunchScreen.storyboard */; };
		146CB1C01FBE96300040765D /* SWRevealViewController.m in Sources */ = {isa = PBXBuildFile; fileRef = 146CB1BE1FBE96300040765D /* SWRevealViewController.m */; };
		146ED59D1FCE4291003B40B5 /* Constants.swift in Sources */ = {isa = PBXBuildFile; fileRef = 146ED59C1FCE4291003B40B5 /* Constants.swift */; };
		146ED59F1FCE47D9003B40B5 /* LoginVC.swift in Sources */ = {isa = PBXBuildFile; fileRef = 146ED59E1FCE47D9003B40B5 /* LoginVC.swift */; };
		146ED5A11FCE4DA6003B40B5 /* CreateAccountVC.swift in Sources */ = {isa = PBXBuildFile; fileRef = 146ED5A01FCE4DA6003B40B5 /* CreateAccountVC.swift */; };
		1480D1231FD77C8E006F10C8 /* UserDataService.swift in Sources */ = {isa = PBXBuildFile; fileRef = 1480D1221FD77C8E006F10C8 /* UserDataService.swift */; };
		14AAE21D1FCBA415000F6EC6 /* ChatVC.swift in Sources */ = {isa = PBXBuildFile; fileRef = 14AAE21C1FCBA415000F6EC6 /* ChatVC.swift */; };
		14AAE21F1FCBA42C000F6EC6 /* ChannelVC.swift in Sources */ = {isa = PBXBuildFile; fileRef = 14AAE21E1FCBA42C000F6EC6 /* ChannelVC.swift */; };
		14AAE2231FCBADAD000F6EC6 /* GradientView.swift in Sources */ = {isa = PBXBuildFile; fileRef = 14AAE2221FCBADAD000F6EC6 /* GradientView.swift */; };
		14B7BEF11FD8F815002AE28F /* AvatarPickerVC.swift in Sources */ = {isa = PBXBuildFile; fileRef = 14B7BEF01FD8F815002AE28F /* AvatarPickerVC.swift */; };
		14B7BEF31FD8FB26002AE28F /* AvatarCell.swift in Sources */ = {isa = PBXBuildFile; fileRef = 14B7BEF21FD8FB26002AE28F /* AvatarCell.swift */; };
/* End PBXBuildFile section */

/* Begin PBXFileReference section */
		141ABE271FD49CEC00197CEA /* AuthService.swift */ = {isa = PBXFileReference; lastKnownFileType = sourcecode.swift; path = AuthService.swift; sourceTree = "<group>"; };
		141ABE291FD4A9DE00197CEA /* RoundedButton.swift */ = {isa = PBXFileReference; lastKnownFileType = sourcecode.swift; path = RoundedButton.swift; sourceTree = "<group>"; };
		1462EFF6BBB28DA9A35234FB /* Pods-smack.release.xcconfig */ = {isa = PBXFileReference; includeInIndex = 1; lastKnownFileType = text.xcconfig; name = "Pods-smack.release.xcconfig"; path = "Pods/Target Support Files/Pods-smack/Pods-smack.release.xcconfig"; sourceTree = "<group>"; };
		146CB1A71FBE95410040765D /* smack.app */ = {isa = PBXFileReference; explicitFileType = wrapper.application; includeInIndex = 0; path = smack.app; sourceTree = BUILT_PRODUCTS_DIR; };
		146CB1AA1FBE95410040765D /* AppDelegate.swift */ = {isa = PBXFileReference; lastKnownFileType = sourcecode.swift; path = AppDelegate.swift; sourceTree = "<group>"; };
		146CB1AF1FBE95410040765D /* Base */ = {isa = PBXFileReference; lastKnownFileType = file.storyboard; name = Base; path = Base.lproj/Main.storyboard; sourceTree = "<group>"; };
		146CB1B11FBE95410040765D /* Assets.xcassets */ = {isa = PBXFileReference; lastKnownFileType = folder.assetcatalog; path = Assets.xcassets; sourceTree = "<group>"; };
		146CB1B41FBE95410040765D /* Base */ = {isa = PBXFileReference; lastKnownFileType = file.storyboard; name = Base; path = Base.lproj/LaunchScreen.storyboard; sourceTree = "<group>"; };
		146CB1B61FBE95410040765D /* Info.plist */ = {isa = PBXFileReference; lastKnownFileType = text.plist.xml; path = Info.plist; sourceTree = "<group>"; };
		146CB1BD1FBE962F0040765D /* smack-Bridging-Header.h */ = {isa = PBXFileReference; lastKnownFileType = sourcecode.c.h; path = "smack-Bridging-Header.h"; sourceTree = "<group>"; };
		146CB1BE1FBE96300040765D /* SWRevealViewController.m */ = {isa = PBXFileReference; fileEncoding = 4; lastKnownFileType = sourcecode.c.objc; path = SWRevealViewController.m; sourceTree = "<group>"; };
		146CB1BF1FBE96300040765D /* SWRevealViewController.h */ = {isa = PBXFileReference; fileEncoding = 4; lastKnownFileType = sourcecode.c.h; path = SWRevealViewController.h; sourceTree = "<group>"; };
		146ED59C1FCE4291003B40B5 /* Constants.swift */ = {isa = PBXFileReference; lastKnownFileType = sourcecode.swift; path = Constants.swift; sourceTree = "<group>"; };
		146ED59E1FCE47D9003B40B5 /* LoginVC.swift */ = {isa = PBXFileReference; lastKnownFileType = sourcecode.swift; path = LoginVC.swift; sourceTree = "<group>"; };
		146ED5A01FCE4DA6003B40B5 /* CreateAccountVC.swift */ = {isa = PBXFileReference; lastKnownFileType = sourcecode.swift; path = CreateAccountVC.swift; sourceTree = "<group>"; };
		1480D1221FD77C8E006F10C8 /* UserDataService.swift */ = {isa = PBXFileReference; lastKnownFileType = sourcecode.swift; path = UserDataService.swift; sourceTree = "<group>"; };
		14AAE21C1FCBA415000F6EC6 /* ChatVC.swift */ = {isa = PBXFileReference; lastKnownFileType = sourcecode.swift; path = ChatVC.swift; sourceTree = "<group>"; };
		14AAE21E1FCBA42C000F6EC6 /* ChannelVC.swift */ = {isa = PBXFileReference; lastKnownFileType = sourcecode.swift; path = ChannelVC.swift; sourceTree = "<group>"; };
		14AAE2221FCBADAD000F6EC6 /* GradientView.swift */ = {isa = PBXFileReference; lastKnownFileType = sourcecode.swift; path = GradientView.swift; sourceTree = "<group>"; };
		14B7BEF01FD8F815002AE28F /* AvatarPickerVC.swift */ = {isa = PBXFileReference; lastKnownFileType = sourcecode.swift; path = AvatarPickerVC.swift; sourceTree = "<group>"; };
		14B7BEF21FD8FB26002AE28F /* AvatarCell.swift */ = {isa = PBXFileReference; lastKnownFileType = sourcecode.swift; path = AvatarCell.swift; sourceTree = "<group>"; };
		1E58E17671CD2C0A007110C4 /* Pods_smack.framework */ = {isa = PBXFileReference; explicitFileType = wrapper.framework; includeInIndex = 0; path = Pods_smack.framework; sourceTree = BUILT_PRODUCTS_DIR; };
		66906F692325950CCEDE1E27 /* Pods-smack.debug.xcconfig */ = {isa = PBXFileReference; includeInIndex = 1; lastKnownFileType = text.xcconfig; name = "Pods-smack.debug.xcconfig"; path = "Pods/Target Support Files/Pods-smack/Pods-smack.debug.xcconfig"; sourceTree = "<group>"; };
/* End PBXFileReference section */

/* Begin PBXFrameworksBuildPhase section */
		146CB1A41FBE95410040765D /* Frameworks */ = {
			isa = PBXFrameworksBuildPhase;
			buildActionMask = 2147483647;
			files = (
				0D90D236C065DB8EE1F29FAB /* Pods_smack.framework in Frameworks */,
			);
			runOnlyForDeploymentPostprocessing = 0;
		};
/* End PBXFrameworksBuildPhase section */

/* Begin PBXGroup section */
		06724A8304340BD4E8C06EE1 /* Frameworks */ = {
			isa = PBXGroup;
			children = (
				1E58E17671CD2C0A007110C4 /* Pods_smack.framework */,
			);
			name = Frameworks;
			sourceTree = "<group>";
		};
		141ABE261FD49CD100197CEA /* Services */ = {
			isa = PBXGroup;
			children = (
				141ABE271FD49CEC00197CEA /* AuthService.swift */,
				1480D1221FD77C8E006F10C8 /* UserDataService.swift */,
			);
			path = Services;
			sourceTree = "<group>";
		};
		146CB19E1FBE95410040765D = {
			isa = PBXGroup;
			children = (
				146CB1BC1FBE96190040765D /* Supporting Files */,
				146CB1A91FBE95410040765D /* smack */,
				146CB1A81FBE95410040765D /* Products */,
				2678B2FFDFA7B8DBA6AB3169 /* Pods */,
				06724A8304340BD4E8C06EE1 /* Frameworks */,
			);
			sourceTree = "<group>";
		};
		146CB1A81FBE95410040765D /* Products */ = {
			isa = PBXGroup;
			children = (
				146CB1A71FBE95410040765D /* smack.app */,
			);
			name = Products;
			sourceTree = "<group>";
		};
		146CB1A91FBE95410040765D /* smack */ = {
			isa = PBXGroup;
			children = (
				141ABE261FD49CD100197CEA /* Services */,
				146ED59B1FCE4277003B40B5 /* Utilities */,
				14AAE21B1FCBA3FD000F6EC6 /* Model */,
				14AAE21A1FCBA3F2000F6EC6 /* View */,
				14AAE2191FCBA3ED000F6EC6 /* Controller */,
				146CB1AA1FBE95410040765D /* AppDelegate.swift */,
				146CB1AE1FBE95410040765D /* Main.storyboard */,
				146CB1B11FBE95410040765D /* Assets.xcassets */,
				146CB1B31FBE95410040765D /* LaunchScreen.storyboard */,
				146CB1B61FBE95410040765D /* Info.plist */,
			);
			path = smack;
			sourceTree = "<group>";
		};
		146CB1BC1FBE96190040765D /* Supporting Files */ = {
			isa = PBXGroup;
			children = (
				146CB1BF1FBE96300040765D /* SWRevealViewController.h */,
				146CB1BE1FBE96300040765D /* SWRevealViewController.m */,
				146CB1BD1FBE962F0040765D /* smack-Bridging-Header.h */,
			);
			path = "Supporting Files";
			sourceTree = "<group>";
		};
		146ED59B1FCE4277003B40B5 /* Utilities */ = {
			isa = PBXGroup;
			children = (
				146ED59C1FCE4291003B40B5 /* Constants.swift */,
			);
			path = Utilities;
			sourceTree = "<group>";
		};
		14AAE2191FCBA3ED000F6EC6 /* Controller */ = {
			isa = PBXGroup;
			children = (
				14AAE21C1FCBA415000F6EC6 /* ChatVC.swift */,
				14AAE21E1FCBA42C000F6EC6 /* ChannelVC.swift */,
				146ED59E1FCE47D9003B40B5 /* LoginVC.swift */,
				146ED5A01FCE4DA6003B40B5 /* CreateAccountVC.swift */,
				14B7BEF01FD8F815002AE28F /* AvatarPickerVC.swift */,
			);
			path = Controller;
			sourceTree = "<group>";
		};
		14AAE21A1FCBA3F2000F6EC6 /* View */ = {
			isa = PBXGroup;
			children = (
				14AAE2221FCBADAD000F6EC6 /* GradientView.swift */,
				141ABE291FD4A9DE00197CEA /* RoundedButton.swift */,
				14B7BEF21FD8FB26002AE28F /* AvatarCell.swift */,
			);
			path = View;
			sourceTree = "<group>";
		};
		14AAE21B1FCBA3FD000F6EC6 /* Model */ = {
			isa = PBXGroup;
			children = (
			);
			path = Model;
			sourceTree = "<group>";
		};
		2678B2FFDFA7B8DBA6AB3169 /* Pods */ = {
			isa = PBXGroup;
			children = (
				66906F692325950CCEDE1E27 /* Pods-smack.debug.xcconfig */,
				1462EFF6BBB28DA9A35234FB /* Pods-smack.release.xcconfig */,
			);
			name = Pods;
			sourceTree = "<group>";
		};
/* End PBXGroup section */

/* Begin PBXNativeTarget section */
		146CB1A61FBE95410040765D /* smack */ = {
			isa = PBXNativeTarget;
			buildConfigurationList = 146CB1B91FBE95410040765D /* Build configuration list for PBXNativeTarget "smack" */;
			buildPhases = (
				67F49FF44D6DE0FF22D41E9C /* [CP] Check Pods Manifest.lock */,
				146CB1A31FBE95410040765D /* Sources */,
				146CB1A41FBE95410040765D /* Frameworks */,
				146CB1A51FBE95410040765D /* Resources */,
				4F7D426D6F72D5875DFBDDE5 /* [CP] Embed Pods Frameworks */,
				60ECC048B2D8BDE3FDF6D99E /* [CP] Copy Pods Resources */,
			);
			buildRules = (
			);
			dependencies = (
			);
			name = smack;
			productName = smack;
			productReference = 146CB1A71FBE95410040765D /* smack.app */;
			productType = "com.apple.product-type.application";
		};
/* End PBXNativeTarget section */

/* Begin PBXProject section */
		146CB19F1FBE95410040765D /* Project object */ = {
			isa = PBXProject;
			attributes = {
				LastSwiftUpdateCheck = 0910;
				LastUpgradeCheck = 0910;
				ORGANIZATIONNAME = "Alex LaDue";
				TargetAttributes = {
					146CB1A61FBE95410040765D = {
						CreatedOnToolsVersion = 9.1;
						LastSwiftMigration = 0910;
						ProvisioningStyle = Automatic;
					};
				};
			};
			buildConfigurationList = 146CB1A21FBE95410040765D /* Build configuration list for PBXProject "smack" */;
			compatibilityVersion = "Xcode 8.0";
			developmentRegion = en;
			hasScannedForEncodings = 0;
			knownRegions = (
				en,
				Base,
			);
			mainGroup = 146CB19E1FBE95410040765D;
			productRefGroup = 146CB1A81FBE95410040765D /* Products */;
			projectDirPath = "";
			projectRoot = "";
			targets = (
				146CB1A61FBE95410040765D /* smack */,
			);
		};
/* End PBXProject section */

/* Begin PBXResourcesBuildPhase section */
		146CB1A51FBE95410040765D /* Resources */ = {
			isa = PBXResourcesBuildPhase;
			buildActionMask = 2147483647;
			files = (
				146CB1B51FBE95410040765D /* LaunchScreen.storyboard in Resources */,
				146CB1B21FBE95410040765D /* Assets.xcassets in Resources */,
				146CB1B01FBE95410040765D /* Main.storyboard in Resources */,
			);
			runOnlyForDeploymentPostprocessing = 0;
		};
/* End PBXResourcesBuildPhase section */

/* Begin PBXShellScriptBuildPhase section */
		4F7D426D6F72D5875DFBDDE5 /* [CP] Embed Pods Frameworks */ = {
			isa = PBXShellScriptBuildPhase;
			buildActionMask = 2147483647;
			files = (
			);
			inputPaths = (
			);
			name = "[CP] Embed Pods Frameworks";
			outputPaths = (
			);
			runOnlyForDeploymentPostprocessing = 0;
			shellPath = /bin/sh;
			shellScript = "\"${SRCROOT}/Pods/Target Support Files/Pods-smack/Pods-smack-frameworks.sh\"\n";
			showEnvVarsInLog = 0;
		};
		60ECC048B2D8BDE3FDF6D99E /* [CP] Copy Pods Resources */ = {
			isa = PBXShellScriptBuildPhase;
			buildActionMask = 2147483647;
			files = (
			);
			inputPaths = (
			);
			name = "[CP] Copy Pods Resources";
			outputPaths = (
			);
			runOnlyForDeploymentPostprocessing = 0;
			shellPath = /bin/sh;
			shellScript = "\"${SRCROOT}/Pods/Target Support Files/Pods-smack/Pods-smack-resources.sh\"\n";
			showEnvVarsInLog = 0;
		};
		67F49FF44D6DE0FF22D41E9C /* [CP] Check Pods Manifest.lock */ = {
			isa = PBXShellScriptBuildPhase;
			buildActionMask = 2147483647;
			files = (
			);
			inputPaths = (
			);
			name = "[CP] Check Pods Manifest.lock";
			outputPaths = (
			);
			runOnlyForDeploymentPostprocessing = 0;
			shellPath = /bin/sh;
			shellScript = "diff \"${PODS_ROOT}/../Podfile.lock\" \"${PODS_ROOT}/Manifest.lock\" > /dev/null\nif [ $? != 0 ] ; then\n    # print error to STDERR\n    echo \"error: The sandbox is not in sync with the Podfile.lock. Run 'pod install' or update your CocoaPods installation.\" >&2\n    exit 1\nfi\n";
			showEnvVarsInLog = 0;
		};
/* End PBXShellScriptBuildPhase section */

/* Begin PBXSourcesBuildPhase section */
		146CB1A31FBE95410040765D /* Sources */ = {
			isa = PBXSourcesBuildPhase;
			buildActionMask = 2147483647;
			files = (
				14AAE21F1FCBA42C000F6EC6 /* ChannelVC.swift in Sources */,
				14B7BEF11FD8F815002AE28F /* AvatarPickerVC.swift in Sources */,
				141ABE2A1FD4A9DE00197CEA /* RoundedButton.swift in Sources */,
				14AAE21D1FCBA415000F6EC6 /* ChatVC.swift in Sources */,
				1480D1231FD77C8E006F10C8 /* UserDataService.swift in Sources */,
				146ED5A11FCE4DA6003B40B5 /* CreateAccountVC.swift in Sources */,
				141ABE281FD49CEC00197CEA /* AuthService.swift in Sources */,
				146ED59F1FCE47D9003B40B5 /* LoginVC.swift in Sources */,
				14AAE2231FCBADAD000F6EC6 /* GradientView.swift in Sources */,
				14B7BEF31FD8FB26002AE28F /* AvatarCell.swift in Sources */,
				146CB1AB1FBE95410040765D /* AppDelegate.swift in Sources */,
				146CB1C01FBE96300040765D /* SWRevealViewController.m in Sources */,
				146ED59D1FCE4291003B40B5 /* Constants.swift in Sources */,
			);
			runOnlyForDeploymentPostprocessing = 0;
		};
/* End PBXSourcesBuildPhase section */

/* Begin PBXVariantGroup section */
		146CB1AE1FBE95410040765D /* Main.storyboard */ = {
			isa = PBXVariantGroup;
			children = (
				146CB1AF1FBE95410040765D /* Base */,
			);
			name = Main.storyboard;
			sourceTree = "<group>";
		};
		146CB1B31FBE95410040765D /* LaunchScreen.storyboard */ = {
			isa = PBXVariantGroup;
			children = (
				146CB1B41FBE95410040765D /* Base */,
			);
			name = LaunchScreen.storyboard;
			sourceTree = "<group>";
		};
/* End PBXVariantGroup section */

/* Begin XCBuildConfiguration section */
		146CB1B71FBE95410040765D /* Debug */ = {
			isa = XCBuildConfiguration;
			buildSettings = {
				ALWAYS_SEARCH_USER_PATHS = NO;
				CLANG_ANALYZER_NONNULL = YES;
				CLANG_ANALYZER_NUMBER_OBJECT_CONVERSION = YES_AGGRESSIVE;
				CLANG_CXX_LANGUAGE_STANDARD = "gnu++14";
				CLANG_CXX_LIBRARY = "libc++";
				CLANG_ENABLE_MODULES = YES;
				CLANG_ENABLE_OBJC_ARC = YES;
				CLANG_WARN_BLOCK_CAPTURE_AUTORELEASING = YES;
				CLANG_WARN_BOOL_CONVERSION = YES;
				CLANG_WARN_COMMA = YES;
				CLANG_WARN_CONSTANT_CONVERSION = YES;
				CLANG_WARN_DIRECT_OBJC_ISA_USAGE = YES_ERROR;
				CLANG_WARN_DOCUMENTATION_COMMENTS = YES;
				CLANG_WARN_EMPTY_BODY = YES;
				CLANG_WARN_ENUM_CONVERSION = YES;
				CLANG_WARN_INFINITE_RECURSION = YES;
				CLANG_WARN_INT_CONVERSION = YES;
				CLANG_WARN_NON_LITERAL_NULL_CONVERSION = YES;
				CLANG_WARN_OBJC_LITERAL_CONVERSION = YES;
				CLANG_WARN_OBJC_ROOT_CLASS = YES_ERROR;
				CLANG_WARN_RANGE_LOOP_ANALYSIS = YES;
				CLANG_WARN_STRICT_PROTOTYPES = YES;
				CLANG_WARN_SUSPICIOUS_MOVE = YES;
				CLANG_WARN_UNGUARDED_AVAILABILITY = YES_AGGRESSIVE;
				CLANG_WARN_UNREACHABLE_CODE = YES;
				CLANG_WARN__DUPLICATE_METHOD_MATCH = YES;
				CODE_SIGN_IDENTITY = "iPhone Developer";
				COPY_PHASE_STRIP = NO;
				DEBUG_INFORMATION_FORMAT = dwarf;
				ENABLE_STRICT_OBJC_MSGSEND = YES;
				ENABLE_TESTABILITY = YES;
				GCC_C_LANGUAGE_STANDARD = gnu11;
				GCC_DYNAMIC_NO_PIC = NO;
				GCC_NO_COMMON_BLOCKS = YES;
				GCC_OPTIMIZATION_LEVEL = 0;
				GCC_PREPROCESSOR_DEFINITIONS = (
					"DEBUG=1",
					"$(inherited)",
				);
				GCC_WARN_64_TO_32_BIT_CONVERSION = YES;
				GCC_WARN_ABOUT_RETURN_TYPE = YES_ERROR;
				GCC_WARN_UNDECLARED_SELECTOR = YES;
				GCC_WARN_UNINITIALIZED_AUTOS = YES_AGGRESSIVE;
				GCC_WARN_UNUSED_FUNCTION = YES;
				GCC_WARN_UNUSED_VARIABLE = YES;
				IPHONEOS_DEPLOYMENT_TARGET = 11.1;
				MTL_ENABLE_DEBUG_INFO = YES;
				ONLY_ACTIVE_ARCH = YES;
				SDKROOT = iphoneos;
				SWIFT_ACTIVE_COMPILATION_CONDITIONS = DEBUG;
				SWIFT_OPTIMIZATION_LEVEL = "-Onone";
			};
			name = Debug;
		};
		146CB1B81FBE95410040765D /* Release */ = {
			isa = XCBuildConfiguration;
			buildSettings = {
				ALWAYS_SEARCH_USER_PATHS = NO;
				CLANG_ANALYZER_NONNULL = YES;
				CLANG_ANALYZER_NUMBER_OBJECT_CONVERSION = YES_AGGRESSIVE;
				CLANG_CXX_LANGUAGE_STANDARD = "gnu++14";
				CLANG_CXX_LIBRARY = "libc++";
				CLANG_ENABLE_MODULES = YES;
				CLANG_ENABLE_OBJC_ARC = YES;
				CLANG_WARN_BLOCK_CAPTURE_AUTORELEASING = YES;
				CLANG_WARN_BOOL_CONVERSION = YES;
				CLANG_WARN_COMMA = YES;
				CLANG_WARN_CONSTANT_CONVERSION = YES;
				CLANG_WARN_DIRECT_OBJC_ISA_USAGE = YES_ERROR;
				CLANG_WARN_DOCUMENTATION_COMMENTS = YES;
				CLANG_WARN_EMPTY_BODY = YES;
				CLANG_WARN_ENUM_CONVERSION = YES;
				CLANG_WARN_INFINITE_RECURSION = YES;
				CLANG_WARN_INT_CONVERSION = YES;
				CLANG_WARN_NON_LITERAL_NULL_CONVERSION = YES;
				CLANG_WARN_OBJC_LITERAL_CONVERSION = YES;
				CLANG_WARN_OBJC_ROOT_CLASS = YES_ERROR;
				CLANG_WARN_RANGE_LOOP_ANALYSIS = YES;
				CLANG_WARN_STRICT_PROTOTYPES = YES;
				CLANG_WARN_SUSPICIOUS_MOVE = YES;
				CLANG_WARN_UNGUARDED_AVAILABILITY = YES_AGGRESSIVE;
				CLANG_WARN_UNREACHABLE_CODE = YES;
				CLANG_WARN__DUPLICATE_METHOD_MATCH = YES;
				CODE_SIGN_IDENTITY = "iPhone Developer";
				COPY_PHASE_STRIP = NO;
				DEBUG_INFORMATION_FORMAT = "dwarf-with-dsym";
				ENABLE_NS_ASSERTIONS = NO;
				ENABLE_STRICT_OBJC_MSGSEND = YES;
				GCC_C_LANGUAGE_STANDARD = gnu11;
				GCC_NO_COMMON_BLOCKS = YES;
				GCC_WARN_64_TO_32_BIT_CONVERSION = YES;
				GCC_WARN_ABOUT_RETURN_TYPE = YES_ERROR;
				GCC_WARN_UNDECLARED_SELECTOR = YES;
				GCC_WARN_UNINITIALIZED_AUTOS = YES_AGGRESSIVE;
				GCC_WARN_UNUSED_FUNCTION = YES;
				GCC_WARN_UNUSED_VARIABLE = YES;
				IPHONEOS_DEPLOYMENT_TARGET = 11.1;
				MTL_ENABLE_DEBUG_INFO = NO;
				SDKROOT = iphoneos;
				SWIFT_OPTIMIZATION_LEVEL = "-Owholemodule";
				VALIDATE_PRODUCT = YES;
			};
			name = Release;
		};
		146CB1BA1FBE95410040765D /* Debug */ = {
			isa = XCBuildConfiguration;
			baseConfigurationReference = 66906F692325950CCEDE1E27 /* Pods-smack.debug.xcconfig */;
			buildSettings = {
				ASSETCATALOG_COMPILER_APPICON_NAME = AppIcon;
				CLANG_ENABLE_MODULES = YES;
				CODE_SIGN_STYLE = Automatic;
				INFOPLIST_FILE = smack/Info.plist;
				LD_RUNPATH_SEARCH_PATHS = "$(inherited) @executable_path/Frameworks";
				PRODUCT_BUNDLE_IDENTIFIER = com.test.smack;
				PRODUCT_NAME = "$(TARGET_NAME)";
				SWIFT_OBJC_BRIDGING_HEADER = "Supporting Files/smack-Bridging-Header.h";
				SWIFT_OPTIMIZATION_LEVEL = "-Onone";
				SWIFT_VERSION = 4.0;
				TARGETED_DEVICE_FAMILY = "1,2";
			};
			name = Debug;
		};
		146CB1BB1FBE95410040765D /* Release */ = {
			isa = XCBuildConfiguration;
			baseConfigurationReference = 1462EFF6BBB28DA9A35234FB /* Pods-smack.release.xcconfig */;
			buildSettings = {
				ASSETCATALOG_COMPILER_APPICON_NAME = AppIcon;
				CLANG_ENABLE_MODULES = YES;
				CODE_SIGN_STYLE = Automatic;
				INFOPLIST_FILE = smack/Info.plist;
				LD_RUNPATH_SEARCH_PATHS = "$(inherited) @executable_path/Frameworks";
				PRODUCT_BUNDLE_IDENTIFIER = com.test.smack;
				PRODUCT_NAME = "$(TARGET_NAME)";
				SWIFT_OBJC_BRIDGING_HEADER = "Supporting Files/smack-Bridging-Header.h";
				SWIFT_VERSION = 4.0;
				TARGETED_DEVICE_FAMILY = "1,2";
			};
			name = Release;
		};
/* End XCBuildConfiguration section */

/* Begin XCConfigurationList section */
		146CB1A21FBE95410040765D /* Build configuration list for PBXProject "smack" */ = {
			isa = XCConfigurationList;
			buildConfigurations = (
				146CB1B71FBE95410040765D /* Debug */,
				146CB1B81FBE95410040765D /* Release */,
			);
			defaultConfigurationIsVisible = 0;
			defaultConfigurationName = Release;
		};
		146CB1B91FBE95410040765D /* Build configuration list for PBXNativeTarget "smack" */ = {
			isa = XCConfigurationList;
			buildConfigurations = (
				146CB1BA1FBE95410040765D /* Debug */,
				146CB1BB1FBE95410040765D /* Release */,
			);
			defaultConfigurationIsVisible = 0;
			defaultConfigurationName = Release;
		};
/* End XCConfigurationList section */
	};
	rootObject = 146CB19F1FBE95410040765D /* Project object */;
}
